
Microsoft Visual Studio Solution File, Format Version 12.00
# Visual Studio Version 16
VisualStudioVersion = 16.0.30907.101
MinimumVisualStudioVersion = 10.0.40219.1
Project("{FAE04EC0-301F-11D3-BF4B-00C04F79EFBC}") = "CincinnatiClientSdk", "CincinnatiClientSdk\CincinnatiClientSdk.csproj", "{53AA6FD1-D292-4AAF-9DF1-CE44D0719900}"
EndProject
Project("{FAE04EC0-301F-11D3-BF4B-00C04F79EFBC}") = "CincinnatiClientSdk.Sample", "CincinnatiClientSdk.Sample\CincinnatiClientSdk.Sample.csproj", "{4C00B614-23E7-4785-8DA2-0C04DA9ED1EF}"
EndProject
Global
	GlobalSection(SolutionConfigurationPlatforms) = preSolution
		Debug|Any CPU = Debug|Any CPU
		Release|Any CPU = Release|Any CPU
	EndGlobalSection
	GlobalSection(ProjectConfigurationPlatforms) = postSolution
		{53AA6FD1-D292-4AAF-9DF1-CE44D0719900}.Debug|Any CPU.ActiveCfg = Debug|Any CPU
		{53AA6FD1-D292-4AAF-9DF1-CE44D0719900}.Debug|Any CPU.Build.0 = Debug|Any CPU
		{53AA6FD1-D292-4AAF-9DF1-CE44D0719900}.Release|Any CPU.ActiveCfg = Release|Any CPU
		{53AA6FD1-D292-4AAF-9DF1-CE44D0719900}.Release|Any CPU.Build.0 = Release|Any CPU
		{4C00B614-23E7-4785-8DA2-0C04DA9ED1EF}.Debug|Any CPU.ActiveCfg = Debug|Any CPU
		{4C00B614-23E7-4785-8DA2-0C04DA9ED1EF}.Debug|Any CPU.Build.0 = Debug|Any CPU
		{4C00B614-23E7-4785-8DA2-0C04DA9ED1EF}.Release|Any CPU.ActiveCfg = Release|Any CPU
		{4C00B614-23E7-4785-8DA2-0C04DA9ED1EF}.Release|Any CPU.Build.0 = Release|Any CPU
	EndGlobalSection
	GlobalSection(SolutionProperties) = preSolution
		HideSolutionNode = FALSE
	EndGlobalSection
	GlobalSection(ExtensibilityGlobals) = postSolution
		SolutionGuid = {5DB5166C-0519-4376-941F-84FF6AECF0A6}
	EndGlobalSection
EndGlobal
